
Microsoft Visual Studio Solution File, Format Version 12.00
# Visual Studio 15
VisualStudioVersion = 15.0.28307.168
MinimumVisualStudioVersion = 10.0.40219.1
Project("{FAE04EC0-301F-11D3-BF4B-00C04F79EFBC}") = "Assignment -731909", "Assignment -731909\Assignment -731909.csproj", "{A501A329-8C3F-4E5D-AF9D-6C5535773C3C}"
EndProject
Global
	GlobalSection(SolutionConfigurationPlatforms) = preSolution
		Debug|Any CPU = Debug|Any CPU
		Release|Any CPU = Release|Any CPU
	EndGlobalSection
	GlobalSection(ProjectConfigurationPlatforms) = postSolution
		{A501A329-8C3F-4E5D-AF9D-6C5535773C3C}.Debug|Any CPU.ActiveCfg = Debug|Any CPU
		{A501A329-8C3F-4E5D-AF9D-6C5535773C3C}.Debug|Any CPU.Build.0 = Debug|Any CPU
		{A501A329-8C3F-4E5D-AF9D-6C5535773C3C}.Release|Any CPU.ActiveCfg = Release|Any CPU
		{A501A329-8C3F-4E5D-AF9D-6C5535773C3C}.Release|Any CPU.Build.0 = Release|Any CPU
	EndGlobalSection
	GlobalSection(SolutionProperties) = preSolution
		HideSolutionNode = FALSE
	EndGlobalSection
	GlobalSection(ExtensibilityGlobals) = postSolution
		SolutionGuid = {691AFC87-9CFC-495B-B90B-6CEF5AD7CABB}
	EndGlobalSection
EndGlobal
